
Microsoft Visual Studio Solution File, Format Version 12.00
# Visual Studio 15
VisualStudioVersion = 15.0.27703.2047
MinimumVisualStudioVersion = 10.0.40219.1
Project("{8BC9CEB8-8B4A-11D0-8D11-00A0C91BC942}") = "Stacks", "Stacks\Stacks.vcxproj", "{3CC89B9E-D623-4FE3-AB5F-F9DD1CAAD85C}"
EndProject
Project("{8BC9CEB8-8B4A-11D0-8D11-00A0C91BC942}") = "Balanced", "Balanced\Balanced.vcxproj", "{645C9560-7AC3-4294-AB8A-9EA435D09A3B}"
EndProject
Global
	GlobalSection(SolutionConfigurationPlatforms) = preSolution
		Debug|x64 = Debug|x64
		Debug|x86 = Debug|x86
		Release|x64 = Release|x64
		Release|x86 = Release|x86
	EndGlobalSection
	GlobalSection(ProjectConfigurationPlatforms) = postSolution
		{3CC89B9E-D623-4FE3-AB5F-F9DD1CAAD85C}.Debug|x64.ActiveCfg = Debug|x64
		{3CC89B9E-D623-4FE3-AB5F-F9DD1CAAD85C}.Debug|x64.Build.0 = Debug|x64
		{3CC89B9E-D623-4FE3-AB5F-F9DD1CAAD85C}.Debug|x86.ActiveCfg = Debug|Win32
		{3CC89B9E-D623-4FE3-AB5F-F9DD1CAAD85C}.Debug|x86.Build.0 = Debug|Win32
		{3CC89B9E-D623-4FE3-AB5F-F9DD1CAAD85C}.Release|x64.ActiveCfg = Release|x64
		{3CC89B9E-D623-4FE3-AB5F-F9DD1CAAD85C}.Release|x64.Build.0 = Release|x64
		{3CC89B9E-D623-4FE3-AB5F-F9DD1CAAD85C}.Release|x86.ActiveCfg = Release|Win32
		{3CC89B9E-D623-4FE3-AB5F-F9DD1CAAD85C}.Release|x86.Build.0 = Release|Win32
		{645C9560-7AC3-4294-AB8A-9EA435D09A3B}.Debug|x64.ActiveCfg = Debug|x64
		{645C9560-7AC3-4294-AB8A-9EA435D09A3B}.Debug|x64.Build.0 = Debug|x64
		{645C9560-7AC3-4294-AB8A-9EA435D09A3B}.Debug|x86.ActiveCfg = Debug|Win32
		{645C9560-7AC3-4294-AB8A-9EA435D09A3B}.Debug|x86.Build.0 = Debug|Win32
		{645C9560-7AC3-4294-AB8A-9EA435D09A3B}.Release|x64.ActiveCfg = Release|x64
		{645C9560-7AC3-4294-AB8A-9EA435D09A3B}.Release|x64.Build.0 = Release|x64
		{645C9560-7AC3-4294-AB8A-9EA435D09A3B}.Release|x86.ActiveCfg = Release|Win32
		{645C9560-7AC3-4294-AB8A-9EA435D09A3B}.Release|x86.Build.0 = Release|Win32
	EndGlobalSection
	GlobalSection(SolutionProperties) = preSolution
		HideSolutionNode = FALSE
	EndGlobalSection
	GlobalSection(ExtensibilityGlobals) = postSolution
		SolutionGuid = {65D52D0F-7765-450A-BF4D-954EEC6034AE}
	EndGlobalSection
EndGlobal
